
Microsoft Visual Studio Solution File, Format Version 12.00
# Visual Studio Version 17
VisualStudioVersion = 17.1.32210.238
MinimumVisualStudioVersion = 10.0.40219.1
Project("{FAE04EC0-301F-11D3-BF4B-00C04F79EFBC}") = "GitStoryVSIX", "GitStoryVSIX\GitStoryVSIX.csproj", "{ED1BCA94-869A-41F0-8A7B-D8FCCBF9F147}"
EndProject
Project("{9A19103F-16F7-4668-BE54-9A1E7A4F7556}") = "GitStory.Core", "GitStory.Core\GitStory.Core.csproj", "{B94734FD-2D4C-493D-8A63-C59C9A9EB49B}"
EndProject
Project("{9A19103F-16F7-4668-BE54-9A1E7A4F7556}") = "SystemEx", "SystemEx\SystemEx.csproj", "{7E2D2E53-1C97-4E0F-914D-CF13D2DE6F67}"
EndProject
Project("{9A19103F-16F7-4668-BE54-9A1E7A4F7556}") = "GitStoryCLI", "GitStoryCLI\GitStoryCLI.csproj", "{EB7B3EAC-20F6-4DAB-A1DC-65A0AFAF0ED5}"
EndProject
Project("{FAE04EC0-301F-11D3-BF4B-00C04F79EFBC}") = "VSIXEx", "VSIXEx\VSIXEx.csproj", "{6BC9FD6A-940B-4106-85FB-7CCDA4C9D6B5}"
EndProject
Project("{FAE04EC0-301F-11D3-BF4B-00C04F79EFBC}") = "VSIXEx.Designer", "VSIXEx.Designer\VSIXEx.Designer.csproj", "{38F16DFF-4632-41AC-872D-6D538219D569}"
EndProject
Project("{9A19103F-16F7-4668-BE54-9A1E7A4F7556}") = "LibGit2Sharp", "libgit2sharp\LibGit2Sharp\LibGit2Sharp.csproj", "{D8F5C228-417A-490E-9BF4-5CE0CEA7FD8A}"
EndProject
Global
	GlobalSection(SolutionConfigurationPlatforms) = preSolution
		Debug|Any CPU = Debug|Any CPU
		Release|Any CPU = Release|Any CPU
	EndGlobalSection
	GlobalSection(ProjectConfigurationPlatforms) = postSolution
		{ED1BCA94-869A-41F0-8A7B-D8FCCBF9F147}.Debug|Any CPU.ActiveCfg = Debug|Any CPU
		{ED1BCA94-869A-41F0-8A7B-D8FCCBF9F147}.Debug|Any CPU.Build.0 = Debug|Any CPU
		{ED1BCA94-869A-41F0-8A7B-D8FCCBF9F147}.Release|Any CPU.ActiveCfg = Release|Any CPU
		{ED1BCA94-869A-41F0-8A7B-D8FCCBF9F147}.Release|Any CPU.Build.0 = Release|Any CPU
		{B94734FD-2D4C-493D-8A63-C59C9A9EB49B}.Debug|Any CPU.ActiveCfg = Debug|Any CPU
		{B94734FD-2D4C-493D-8A63-C59C9A9EB49B}.Debug|Any CPU.Build.0 = Debug|Any CPU
		{B94734FD-2D4C-493D-8A63-C59C9A9EB49B}.Release|Any CPU.ActiveCfg = Release|Any CPU
		{B94734FD-2D4C-493D-8A63-C59C9A9EB49B}.Release|Any CPU.Build.0 = Release|Any CPU
		{7E2D2E53-1C97-4E0F-914D-CF13D2DE6F67}.Debug|Any CPU.ActiveCfg = Debug|Any CPU
		{7E2D2E53-1C97-4E0F-914D-CF13D2DE6F67}.Debug|Any CPU.Build.0 = Debug|Any CPU
		{7E2D2E53-1C97-4E0F-914D-CF13D2DE6F67}.Release|Any CPU.ActiveCfg = Release|Any CPU
		{7E2D2E53-1C97-4E0F-914D-CF13D2DE6F67}.Release|Any CPU.Build.0 = Release|Any CPU
		{EB7B3EAC-20F6-4DAB-A1DC-65A0AFAF0ED5}.Debug|Any CPU.ActiveCfg = Debug|Any CPU
		{EB7B3EAC-20F6-4DAB-A1DC-65A0AFAF0ED5}.Debug|Any CPU.Build.0 = Debug|Any CPU
		{EB7B3EAC-20F6-4DAB-A1DC-65A0AFAF0ED5}.Release|Any CPU.ActiveCfg = Release|Any CPU
		{EB7B3EAC-20F6-4DAB-A1DC-65A0AFAF0ED5}.Release|Any CPU.Build.0 = Release|Any CPU
		{6BC9FD6A-940B-4106-85FB-7CCDA4C9D6B5}.Debug|Any CPU.ActiveCfg = Debug|Any CPU
		{6BC9FD6A-940B-4106-85FB-7CCDA4C9D6B5}.Debug|Any CPU.Build.0 = Debug|Any CPU
		{6BC9FD6A-940B-4106-85FB-7CCDA4C9D6B5}.Release|Any CPU.ActiveCfg = Release|Any CPU
		{6BC9FD6A-940B-4106-85FB-7CCDA4C9D6B5}.Release|Any CPU.Build.0 = Release|Any CPU
		{38F16DFF-4632-41AC-872D-6D538219D569}.Debug|Any CPU.ActiveCfg = Debug|Any CPU
		{38F16DFF-4632-41AC-872D-6D538219D569}.Debug|Any CPU.Build.0 = Debug|Any CPU
		{38F16DFF-4632-41AC-872D-6D538219D569}.Release|Any CPU.ActiveCfg = Release|Any CPU
		{38F16DFF-4632-41AC-872D-6D538219D569}.Release|Any CPU.Build.0 = Release|Any CPU
		{D8F5C228-417A-490E-9BF4-5CE0CEA7FD8A}.Debug|Any CPU.ActiveCfg = Debug|Any CPU
		{D8F5C228-417A-490E-9BF4-5CE0CEA7FD8A}.Debug|Any CPU.Build.0 = Debug|Any CPU
		{D8F5C228-417A-490E-9BF4-5CE0CEA7FD8A}.Release|Any CPU.ActiveCfg = Release|Any CPU
		{D8F5C228-417A-490E-9BF4-5CE0CEA7FD8A}.Release|Any CPU.Build.0 = Release|Any CPU
	EndGlobalSection
	GlobalSection(SolutionProperties) = preSolution
		HideSolutionNode = FALSE
	EndGlobalSection
	GlobalSection(ExtensibilityGlobals) = postSolution
		SolutionGuid = {A9DC8475-74AA-4665-9DEF-8A2B3CA2B7A7}
	EndGlobalSection
EndGlobal
